
Microsoft Visual Studio Solution File, Format Version 12.00
# Visual Studio Version 17
VisualStudioVersion = 17.13.35919.96 d17.13
MinimumVisualStudioVersion = 10.0.40219.1
Project("{FAE04EC0-301F-11D3-BF4B-00C04F79EFBC}") = "Backend", "Backend\Backend.csproj", "{21437AFA-31DF-4DB4-A10B-38028D736064}"
EndProject
Global
	GlobalSection(SolutionConfigurationPlatforms) = preSolution
		Debug|Any CPU = Debug|Any CPU
		Release|Any CPU = Release|Any CPU
	EndGlobalSection
	GlobalSection(ProjectConfigurationPlatforms) = postSolution
		{21437AFA-31DF-4DB4-A10B-38028D736064}.Debug|Any CPU.ActiveCfg = Debug|Any CPU
		{21437AFA-31DF-4DB4-A10B-38028D736064}.Debug|Any CPU.Build.0 = Debug|Any CPU
		{21437AFA-31DF-4DB4-A10B-38028D736064}.Release|Any CPU.ActiveCfg = Release|Any CPU
		{21437AFA-31DF-4DB4-A10B-38028D736064}.Release|Any CPU.Build.0 = Release|Any CPU
	EndGlobalSection
	GlobalSection(SolutionProperties) = preSolution
		HideSolutionNode = FALSE
	EndGlobalSection
	GlobalSection(ExtensibilityGlobals) = postSolution
		SolutionGuid = {3D1423EC-8C97-463F-9C51-C5C524E7706D}
	EndGlobalSection
EndGlobal
